
Microsoft Visual Studio Solution File, Format Version 12.00
# Visual Studio Version 16
VisualStudioVersion = 16.0.32602.291
MinimumVisualStudioVersion = 10.0.40219.1
Project("{9A19103F-16F7-4668-BE54-9A1E7A4F7556}") = "Linx.API", "Linx.API\Linx.API.csproj", "{2A031AEB-C911-43F6-BB1D-AA28F9B0E3E2}"
EndProject
Global
	GlobalSection(SolutionConfigurationPlatforms) = preSolution
		Debug|Any CPU = Debug|Any CPU
		Release|Any CPU = Release|Any CPU
	EndGlobalSection
	GlobalSection(ProjectConfigurationPlatforms) = postSolution
		{2A031AEB-C911-43F6-BB1D-AA28F9B0E3E2}.Debug|Any CPU.ActiveCfg = Debug|Any CPU
		{2A031AEB-C911-43F6-BB1D-AA28F9B0E3E2}.Debug|Any CPU.Build.0 = Debug|Any CPU
		{2A031AEB-C911-43F6-BB1D-AA28F9B0E3E2}.Release|Any CPU.ActiveCfg = Release|Any CPU
		{2A031AEB-C911-43F6-BB1D-AA28F9B0E3E2}.Release|Any CPU.Build.0 = Release|Any CPU
	EndGlobalSection
	GlobalSection(SolutionProperties) = preSolution
		HideSolutionNode = FALSE
	EndGlobalSection
	GlobalSection(ExtensibilityGlobals) = postSolution
		SolutionGuid = {5004D672-9CDA-41AF-8F65-110684B84C86}
	EndGlobalSection
EndGlobal
